
Microsoft Visual Studio Solution File, Format Version 12.00
# Visual Studio 15
VisualStudioVersion = 15.0.28307.106
MinimumVisualStudioVersion = 10.0.40219.1
Project("{FAE04EC0-301F-11D3-BF4B-00C04F79EFBC}") = "Encompass.Android", "Encompass\Encompass.Android\Encompass.Android.csproj", "{96740D47-BED5-488C-B960-3D66DD315AB1}"
EndProject
Project("{9A19103F-16F7-4668-BE54-9A1E7A4F7556}") = "Encompass", "Encompass\Encompass\Encompass.csproj", "{F06EAD58-CD56-4E7F-9133-1C8BD409F9BB}"
EndProject
Project("{FAE04EC0-301F-11D3-BF4B-00C04F79EFBC}") = "EncompassPC", "EncompassPC\EncompassPC.csproj", "{3A708D8A-9486-4A33-BB1B-C55F8D41BFDA}"
EndProject
Global
	GlobalSection(SolutionConfigurationPlatforms) = preSolution
		Debug|Any CPU = Debug|Any CPU
		Release|Any CPU = Release|Any CPU
	EndGlobalSection
	GlobalSection(ProjectConfigurationPlatforms) = postSolution
		{96740D47-BED5-488C-B960-3D66DD315AB1}.Debug|Any CPU.ActiveCfg = Debug|Any CPU
		{96740D47-BED5-488C-B960-3D66DD315AB1}.Debug|Any CPU.Build.0 = Debug|Any CPU
		{96740D47-BED5-488C-B960-3D66DD315AB1}.Debug|Any CPU.Deploy.0 = Debug|Any CPU
		{96740D47-BED5-488C-B960-3D66DD315AB1}.Release|Any CPU.ActiveCfg = Release|Any CPU
		{96740D47-BED5-488C-B960-3D66DD315AB1}.Release|Any CPU.Build.0 = Release|Any CPU
		{96740D47-BED5-488C-B960-3D66DD315AB1}.Release|Any CPU.Deploy.0 = Release|Any CPU
		{F06EAD58-CD56-4E7F-9133-1C8BD409F9BB}.Debug|Any CPU.ActiveCfg = Debug|Any CPU
		{F06EAD58-CD56-4E7F-9133-1C8BD409F9BB}.Debug|Any CPU.Build.0 = Debug|Any CPU
		{F06EAD58-CD56-4E7F-9133-1C8BD409F9BB}.Release|Any CPU.ActiveCfg = Release|Any CPU
		{F06EAD58-CD56-4E7F-9133-1C8BD409F9BB}.Release|Any CPU.Build.0 = Release|Any CPU
		{3A708D8A-9486-4A33-BB1B-C55F8D41BFDA}.Debug|Any CPU.ActiveCfg = Debug|Any CPU
		{3A708D8A-9486-4A33-BB1B-C55F8D41BFDA}.Debug|Any CPU.Build.0 = Debug|Any CPU
		{3A708D8A-9486-4A33-BB1B-C55F8D41BFDA}.Release|Any CPU.ActiveCfg = Release|Any CPU
		{3A708D8A-9486-4A33-BB1B-C55F8D41BFDA}.Release|Any CPU.Build.0 = Release|Any CPU
	EndGlobalSection
	GlobalSection(SolutionProperties) = preSolution
		HideSolutionNode = FALSE
	EndGlobalSection
	GlobalSection(ExtensibilityGlobals) = postSolution
		SolutionGuid = {D3D21876-6021-4F3A-A595-A9130A0A8678}
	EndGlobalSection
EndGlobal
