
Microsoft Visual Studio Solution File, Format Version 12.00
# Visual Studio 15
VisualStudioVersion = 15.0.27703.2035
MinimumVisualStudioVersion = 10.0.40219.1
Project("{9A19103F-16F7-4668-BE54-9A1E7A4F7556}") = "API", "SimpleLogin\API.csproj", "{BCD6567D-3AB5-4F32-A538-98D4E72E499F}"
EndProject
Project("{FAE04EC0-301F-11D3-BF4B-00C04F79EFBC}") = "POCConnect", "POCConnect\POCConnect.csproj", "{166BA5D6-6489-4121-9602-0BD824D08125}"
EndProject
Global
	GlobalSection(SolutionConfigurationPlatforms) = preSolution
		Debug|Any CPU = Debug|Any CPU
		Release|Any CPU = Release|Any CPU
	EndGlobalSection
	GlobalSection(ProjectConfigurationPlatforms) = postSolution
		{BCD6567D-3AB5-4F32-A538-98D4E72E499F}.Debug|Any CPU.ActiveCfg = Debug|Any CPU
		{BCD6567D-3AB5-4F32-A538-98D4E72E499F}.Debug|Any CPU.Build.0 = Debug|Any CPU
		{BCD6567D-3AB5-4F32-A538-98D4E72E499F}.Release|Any CPU.ActiveCfg = Release|Any CPU
		{BCD6567D-3AB5-4F32-A538-98D4E72E499F}.Release|Any CPU.Build.0 = Release|Any CPU
		{166BA5D6-6489-4121-9602-0BD824D08125}.Debug|Any CPU.ActiveCfg = Debug|Any CPU
		{166BA5D6-6489-4121-9602-0BD824D08125}.Debug|Any CPU.Build.0 = Debug|Any CPU
		{166BA5D6-6489-4121-9602-0BD824D08125}.Release|Any CPU.ActiveCfg = Release|Any CPU
		{166BA5D6-6489-4121-9602-0BD824D08125}.Release|Any CPU.Build.0 = Release|Any CPU
	EndGlobalSection
	GlobalSection(SolutionProperties) = preSolution
		HideSolutionNode = FALSE
	EndGlobalSection
	GlobalSection(ExtensibilityGlobals) = postSolution
		SolutionGuid = {AB769ACF-C196-4DD6-81E9-1E681330C798}
	EndGlobalSection
EndGlobal
